
Microsoft Visual Studio Solution File, Format Version 12.00
# Visual Studio Version 16
VisualStudioVersion = 16.0.31112.23
MinimumVisualStudioVersion = 10.0.40219.1
Project("{E24C65DC-7377-472B-9ABA-BC803B73C61A}") = "NguyenHoangLong_5951071052_WCFServiceTest", "NguyenHoangLong_5951071052_WCFServiceTest\", "{F2B39819-3C10-48AC-A980-FA2FEBF6F5F0}"
	ProjectSection(WebsiteProperties) = preProject
		TargetFrameworkMoniker = ".NETFramework,Version%3Dv4.6.1"
		Debug.AspNetCompiler.VirtualPath = "/localhost_51222"
		Debug.AspNetCompiler.PhysicalPath = "NguyenHoangLong_5951071052_WCFServiceTest\"
		Debug.AspNetCompiler.TargetPath = "PrecompiledWeb\localhost_51222\"
		Debug.AspNetCompiler.Updateable = "true"
		Debug.AspNetCompiler.ForceOverwrite = "true"
		Debug.AspNetCompiler.FixedNames = "false"
		Debug.AspNetCompiler.Debug = "True"
		Release.AspNetCompiler.VirtualPath = "/localhost_51222"
		Release.AspNetCompiler.PhysicalPath = "NguyenHoangLong_5951071052_WCFServiceTest\"
		Release.AspNetCompiler.TargetPath = "PrecompiledWeb\localhost_51222\"
		Release.AspNetCompiler.Updateable = "true"
		Release.AspNetCompiler.ForceOverwrite = "true"
		Release.AspNetCompiler.FixedNames = "false"
		Release.AspNetCompiler.Debug = "False"
		VWDPort = "51222"
		SlnRelativePath = "NguyenHoangLong_5951071052_WCFServiceTest\"
		DefaultWebSiteLanguage = "Visual C#"
	EndProjectSection
EndProject
Global
	GlobalSection(SolutionConfigurationPlatforms) = preSolution
		Debug|Any CPU = Debug|Any CPU
	EndGlobalSection
	GlobalSection(ProjectConfigurationPlatforms) = postSolution
		{F2B39819-3C10-48AC-A980-FA2FEBF6F5F0}.Debug|Any CPU.ActiveCfg = Debug|Any CPU
		{F2B39819-3C10-48AC-A980-FA2FEBF6F5F0}.Debug|Any CPU.Build.0 = Debug|Any CPU
	EndGlobalSection
	GlobalSection(SolutionProperties) = preSolution
		HideSolutionNode = FALSE
	EndGlobalSection
	GlobalSection(ExtensibilityGlobals) = postSolution
		SolutionGuid = {E0FBFBB7-38DC-4DA8-97AC-5CEE32733295}
	EndGlobalSection
EndGlobal
